
Microsoft Visual Studio Solution File, Format Version 12.00
# Visual Studio Version 17
VisualStudioVersion = 17.8.34316.72
MinimumVisualStudioVersion = 10.0.40219.1
Project("{FAE04EC0-301F-11D3-BF4B-00C04F79EFBC}") = "RdrOleDll4-Client-Net-4-8", "RdrOleDll4-Client-Net-4-8.csproj", "{DD42A066-B8A4-47AE-B124-AB7EA2101BA4}"
EndProject
Project("{2150E333-8FDC-42A3-9474-1A3956D46DE8}") = "Projektmappenelemente", "Projektmappenelemente", "{778D9650-6F5C-4793-9D05-6DD80D8EDA16}"
	ProjectSection(SolutionItems) = preProject
		RdrOle4-ReaderServer-Reg-V1.reg = RdrOle4-ReaderServer-Reg-V1.reg
		RdrOleDll4-Client-Net-4-8_Real.exe = RdrOleDll4-Client-Net-4-8_Real.exe
		RdrOleDll4-Client-Net-4-8_Simulation.exe = RdrOleDll4-Client-Net-4-8_Simulation.exe
		RdrOleShell4.exe = RdrOleShell4.exe
	EndProjectSection
EndProject
Global
	GlobalSection(SolutionConfigurationPlatforms) = preSolution
		Debug|Any CPU = Debug|Any CPU
		Debug|x64 = Debug|x64
		Release|Any CPU = Release|Any CPU
		Release|x64 = Release|x64
	EndGlobalSection
	GlobalSection(ProjectConfigurationPlatforms) = postSolution
		{DD42A066-B8A4-47AE-B124-AB7EA2101BA4}.Debug|Any CPU.ActiveCfg = Debug|Any CPU
		{DD42A066-B8A4-47AE-B124-AB7EA2101BA4}.Debug|Any CPU.Build.0 = Debug|Any CPU
		{DD42A066-B8A4-47AE-B124-AB7EA2101BA4}.Debug|x64.ActiveCfg = Debug|x64
		{DD42A066-B8A4-47AE-B124-AB7EA2101BA4}.Debug|x64.Build.0 = Debug|x64
		{DD42A066-B8A4-47AE-B124-AB7EA2101BA4}.Release|Any CPU.ActiveCfg = Release|Any CPU
		{DD42A066-B8A4-47AE-B124-AB7EA2101BA4}.Release|Any CPU.Build.0 = Release|Any CPU
		{DD42A066-B8A4-47AE-B124-AB7EA2101BA4}.Release|x64.ActiveCfg = Release|x64
		{DD42A066-B8A4-47AE-B124-AB7EA2101BA4}.Release|x64.Build.0 = Release|x64
	EndGlobalSection
	GlobalSection(SolutionProperties) = preSolution
		HideSolutionNode = FALSE
	EndGlobalSection
	GlobalSection(ExtensibilityGlobals) = postSolution
		SolutionGuid = {FF79E5D1-69D3-4A73-A922-905516C5239E}
	EndGlobalSection
EndGlobal
